<?xml version="1.0" encoding="utf-8"?>
<Project ToolsVersion="4.0" xmlns="http://schemas.microsoft.com/developer/msbuild/2003">
  <ItemGroup>
    <Filter Include="01.Engine">
      <UniqueIdentifier>{6f29e4e2-b1f9-4e14-b1c4-f382e1bfd821}</UniqueIdentifier>
    </Filter>
    <Filter Include="01.Engine\System">
      <UniqueIdentifier>{215bb86e-243b-48e2-8f35-fa12950605a6}</UniqueIdentifier>
    </Filter>
    <Filter Include="01.Engine\Utility">
      <UniqueIdentifier>{a01495a5-8774-4fbb-a1f5-da983ef3c205}</UniqueIdentifier>
    </Filter>
    <Filter Include="01.Engine\Resource">
      <UniqueIdentifier>{f34dcc91-35d8-4abe-b957-094f53091058}</UniqueIdentifier>
    </Filter>
    <Filter Include="01.Engine\Export">
      <UniqueIdentifier>{7502373e-7dd4-4e7d-a7e7-c20214df0ae2}</UniqueIdentifier>
    </Filter>
    <Filter Include="01.Engine\Headers">
      <UniqueIdentifier>{e2706f4e-70c1-4a48-960f-01e02d994b3f}</UniqueIdentifier>
    </Filter>
    <Filter Include="98.Headers">
      <UniqueIdentifier>{cc2d2d7e-46fe-4f94-81b7-92357b6e8deb}</UniqueIdentifier>
    </Filter>
    <Filter Include="99.Default">
      <UniqueIdentifier>{9022fcc7-284b-419b-9e5b-bfec01869b7e}</UniqueIdentifier>
    </Filter>
    <Filter Include="00.Client">
      <UniqueIdentifier>{59a83b6b-69e1-47c6-bd5f-d7226ad47ff6}</UniqueIdentifier>
    </Filter>
    <Filter Include="02.Server">
      <UniqueIdentifier>{f94be954-ffa8-4649-97cf-abac346fbc6d}</UniqueIdentifier>
    </Filter>
    <Filter Include="02.Server\Utility">
      <UniqueIdentifier>{358882b8-c94f-465c-97e6-5d0848f7b80d}</UniqueIdentifier>
    </Filter>
    <Filter Include="02.Server\Manager">
      <UniqueIdentifier>{4e156740-bc70-433a-8300-7c6e3e9301fd}</UniqueIdentifier>
    </Filter>
    <Filter Include="02.Server\Common">
      <UniqueIdentifier>{b598bd83-01b7-4654-a88e-be8b37ea4976}</UniqueIdentifier>
    </Filter>
  </ItemGroup>
  <ItemGroup>
    <Text Include="ReadMe.txt" />
  </ItemGroup>
  <ItemGroup>
    <ClInclude Include="Guardians_Client.h">
      <Filter>99.Default</Filter>
    </ClInclude>
    <ClInclude Include="Resource.h">
      <Filter>99.Default</Filter>
    </ClInclude>
    <ClInclude Include="stdafx.h">
      <Filter>99.Default</Filter>
    </ClInclude>
    <ClInclude Include="targetver.h">
      <Filter>99.Default</Filter>
    </ClInclude>
    <ClInclude Include="Effect.h">
      <Filter>00.Client</Filter>
    </ClInclude>
    <ClInclude Include="SkyBox.h">
      <Filter>00.Client</Filter>
    </ClInclude>
    <ClInclude Include="TombStone.h">
      <Filter>00.Client</Filter>
    </ClInclude>
    <ClInclude Include="Player.h">
      <Filter>00.Client</Filter>
    </ClInclude>
    <ClInclude Include="Sword.h">
      <Filter>00.Client</Filter>
    </ClInclude>
    <ClInclude Include="LandObject.h">
      <Filter>00.Client</Filter>
    </ClInclude>
    <ClInclude Include="Terrain.h">
      <Filter>00.Client</Filter>
    </ClInclude>
    <ClInclude Include="DynamicCamera.h">
      <Filter>00.Client</Filter>
    </ClInclude>
    <ClInclude Include="StageScene.h">
      <Filter>00.Client</Filter>
    </ClInclude>
    <ClInclude Include="Loading.h">
      <Filter>00.Client</Filter>
    </ClInclude>
    <ClInclude Include="LogoScene.h">
      <Filter>00.Client</Filter>
    </ClInclude>
    <ClInclude Include="LogoBack.h">
      <Filter>00.Client</Filter>
    </ClInclude>
    <ClInclude Include="SceneSelector.h">
      <Filter>00.Client</Filter>
    </ClInclude>
    <ClInclude Include="MainApp.h">
      <Filter>00.Client</Filter>
    </ClInclude>
    <ClInclude Include="UI.h">
      <Filter>00.Client</Filter>
    </ClInclude>
    <ClInclude Include="Font.h">
      <Filter>01.Engine\System</Filter>
    </ClInclude>
    <ClInclude Include="FontMgr.h">
      <Filter>01.Engine\System</Filter>
    </ClInclude>
    <ClInclude Include="GraphicDev.h">
      <Filter>01.Engine\System</Filter>
    </ClInclude>
    <ClInclude Include="Frame.h">
      <Filter>01.Engine\System</Filter>
    </ClInclude>
    <ClInclude Include="FrameMgr.h">
      <Filter>01.Engine\System</Filter>
    </ClInclude>
    <ClInclude Include="TimeMgr.h">
      <Filter>01.Engine\System</Filter>
    </ClInclude>
    <ClInclude Include="Timer.h">
      <Filter>01.Engine\System</Filter>
    </ClInclude>
    <ClInclude Include="Input.h">
      <Filter>01.Engine\System</Filter>
    </ClInclude>
    <ClInclude Include="Transform.h">
      <Filter>01.Engine\Utility</Filter>
    </ClInclude>
    <ClInclude Include="Shader.h">
      <Filter>01.Engine\Utility</Filter>
    </ClInclude>
    <ClInclude Include="ShaderMgr.h">
      <Filter>01.Engine\Utility</Filter>
    </ClInclude>
    <ClInclude Include="Component.h">
      <Filter>01.Engine\Utility</Filter>
    </ClInclude>
    <ClInclude Include="Base.h">
      <Filter>01.Engine\Utility</Filter>
    </ClInclude>
    <ClInclude Include="Renderer.h">
      <Filter>01.Engine\Utility</Filter>
    </ClInclude>
    <ClInclude Include="Management.h">
      <Filter>01.Engine\Utility</Filter>
    </ClInclude>
    <ClInclude Include="GameObject.h">
      <Filter>01.Engine\Utility</Filter>
    </ClInclude>
    <ClInclude Include="Shader_Effect.hpp">
      <Filter>01.Engine\Utility</Filter>
    </ClInclude>
    <ClInclude Include="Shader_Meshes.hpp">
      <Filter>01.Engine\Utility</Filter>
    </ClInclude>
    <ClInclude Include="Shader_SkyBox.hpp">
      <Filter>01.Engine\Utility</Filter>
    </ClInclude>
    <ClInclude Include="Collision.h">
      <Filter>01.Engine\Utility</Filter>
    </ClInclude>
    <ClInclude Include="Layer.h">
      <Filter>01.Engine\Utility</Filter>
    </ClInclude>
    <ClInclude Include="Scene.h">
      <Filter>01.Engine\Utility</Filter>
    </ClInclude>
    <ClInclude Include="Shader_Terrain.hpp">
      <Filter>01.Engine\Utility</Filter>
    </ClInclude>
    <ClInclude Include="Shader_Base.hpp">
      <Filter>01.Engine\Utility</Filter>
    </ClInclude>
    <ClInclude Include="Material.h">
      <Filter>01.Engine\Utility</Filter>
    </ClInclude>
    <ClInclude Include="Light.h">
      <Filter>01.Engine\Utility</Filter>
    </ClInclude>
    <ClInclude Include="LightMgr.h">
      <Filter>01.Engine\Utility</Filter>
    </ClInclude>
    <ClInclude Include="Camera.h">
      <Filter>01.Engine\Utility</Filter>
    </ClInclude>
    <ClInclude Include="Shader_Default.hpp">
      <Filter>01.Engine\Utility</Filter>
    </ClInclude>
    <ClInclude Include="VIBuffer.h">
      <Filter>01.Engine\Resource</Filter>
    </ClInclude>
    <ClInclude Include="Mesh.h">
      <Filter>01.Engine\Resource</Filter>
    </ClInclude>
    <ClInclude Include="DynamicMesh.h">
      <Filter>01.Engine\Resource</Filter>
    </ClInclude>
    <ClInclude Include="StaticMesh.h">
      <Filter>01.Engine\Resource</Filter>
    </ClInclude>
    <ClInclude Include="AnimationCtrl.h">
      <Filter>01.Engine\Resource</Filter>
    </ClInclude>
    <ClInclude Include="Resources.h">
      <Filter>01.Engine\Resource</Filter>
    </ClInclude>
    <ClInclude Include="Loader.h">
      <Filter>01.Engine\Resource</Filter>
    </ClInclude>
    <ClInclude Include="ResourceMgr.h">
      <Filter>01.Engine\Resource</Filter>
    </ClInclude>
    <ClInclude Include="TerrainTex.h">
      <Filter>01.Engine\Resource</Filter>
    </ClInclude>
    <ClInclude Include="RcTex.h">
      <Filter>01.Engine\Resource</Filter>
    </ClInclude>
    <ClInclude Include="Texture.h">
      <Filter>01.Engine\Resource</Filter>
    </ClInclude>
    <ClInclude Include="CubeTex.h">
      <Filter>01.Engine\Resource</Filter>
    </ClInclude>
    <ClInclude Include="Engine_Functor.h">
      <Filter>01.Engine\Headers</Filter>
    </ClInclude>
    <ClInclude Include="Engine_Macro.h">
      <Filter>01.Engine\Headers</Filter>
    </ClInclude>
    <ClInclude Include="Engine_Defines.h">
      <Filter>01.Engine\Headers</Filter>
    </ClInclude>
    <ClInclude Include="Engine_Function.h">
      <Filter>01.Engine\Headers</Filter>
    </ClInclude>
    <ClInclude Include="Engine_Typedef.h">
      <Filter>01.Engine\Headers</Filter>
    </ClInclude>
    <ClInclude Include="Engine_Enum.h">
      <Filter>01.Engine\Headers</Filter>
    </ClInclude>
    <ClInclude Include="Engine_Struct.h">
      <Filter>01.Engine\Headers</Filter>
    </ClInclude>
    <ClInclude Include="Export_Function.h">
      <Filter>01.Engine\Export</Filter>
    </ClInclude>
    <ClInclude Include="Export_Utility.h">
      <Filter>01.Engine\Export</Filter>
    </ClInclude>
    <ClInclude Include="Export_System.h">
      <Filter>01.Engine\Export</Filter>
    </ClInclude>
    <ClInclude Include="Export_Resources.h">
      <Filter>01.Engine\Export</Filter>
    </ClInclude>
    <ClInclude Include="Contant.h">
      <Filter>98.Headers</Filter>
    </ClInclude>
    <ClInclude Include="Defines.h">
      <Filter>98.Headers</Filter>
    </ClInclude>
    <ClInclude Include="Function.h">
      <Filter>98.Headers</Filter>
    </ClInclude>
    <ClInclude Include="Macro.h">
      <Filter>98.Headers</Filter>
    </ClInclude>
    <ClInclude Include="Typedef.h">
      <Filter>98.Headers</Filter>
    </ClInclude>
    <ClInclude Include="Functor.h">
      <Filter>98.Headers</Filter>
    </ClInclude>
    <ClInclude Include="MouseCol.h">
      <Filter>00.Client</Filter>
    </ClInclude>
    <ClInclude Include="StaticCamera.h">
      <Filter>00.Client</Filter>
    </ClInclude>
    <ClInclude Include="ClientNetEngine.h">
      <Filter>02.Server\Manager</Filter>
    </ClInclude>
    <ClInclude Include="ObjectManager.h">
      <Filter>02.Server\Manager</Filter>
    </ClInclude>
    <ClInclude Include="PlayerManager.h">
      <Filter>02.Server\Manager</Filter>
    </ClInclude>
    <ClInclude Include="MemoryPool.h">
      <Filter>02.Server\Utility</Filter>
    </ClInclude>
    <ClInclude Include="Memory.h">
      <Filter>02.Server\Utility</Filter>
    </ClInclude>
    <ClInclude Include="RingBuffer.h">
      <Filter>02.Server\Utility</Filter>
    </ClInclude>
    <ClInclude Include="SendMemoryPool.h">
      <Filter>02.Server\Utility</Filter>
    </ClInclude>
    <ClInclude Include="PacketManager.h">
      <Filter>02.Server\Manager</Filter>
    </ClInclude>
    <ClInclude Include="protocol.h">
      <Filter>02.Server\Common</Filter>
    </ClInclude>
  </ItemGroup>
  <ItemGroup>
    <ClCompile Include="stdafx.cpp">
      <Filter>99.Default</Filter>
    </ClCompile>
    <ClCompile Include="Guardians_Client.cpp">
      <Filter>99.Default</Filter>
    </ClCompile>
    <ClCompile Include="UI.cpp">
      <Filter>00.Client</Filter>
    </ClCompile>
    <ClCompile Include="StageScene.cpp">
      <Filter>00.Client</Filter>
    </ClCompile>
    <ClCompile Include="MainApp.cpp">
      <Filter>00.Client</Filter>
    </ClCompile>
    <ClCompile Include="Effect.cpp">
      <Filter>00.Client</Filter>
    </ClCompile>
    <ClCompile Include="Loading.cpp">
      <Filter>00.Client</Filter>
    </ClCompile>
    <ClCompile Include="SkyBox.cpp">
      <Filter>00.Client</Filter>
    </ClCompile>
    <ClCompile Include="TombStone.cpp">
      <Filter>00.Client</Filter>
    </ClCompile>
    <ClCompile Include="Player.cpp">
      <Filter>00.Client</Filter>
    </ClCompile>
    <ClCompile Include="Sword.cpp">
      <Filter>00.Client</Filter>
    </ClCompile>
    <ClCompile Include="LandObject.cpp">
      <Filter>00.Client</Filter>
    </ClCompile>
    <ClCompile Include="Terrain.cpp">
      <Filter>00.Client</Filter>
    </ClCompile>
    <ClCompile Include="DynamicCamera.cpp">
      <Filter>00.Client</Filter>
    </ClCompile>
    <ClCompile Include="LogoBack.cpp">
      <Filter>00.Client</Filter>
    </ClCompile>
    <ClCompile Include="LogoScene.cpp">
      <Filter>00.Client</Filter>
    </ClCompile>
    <ClCompile Include="FontMgr.cpp">
      <Filter>01.Engine\System</Filter>
    </ClCompile>
    <ClCompile Include="Font.cpp">
      <Filter>01.Engine\System</Filter>
    </ClCompile>
    <ClCompile Include="GraphicDev.cpp">
      <Filter>01.Engine\System</Filter>
    </ClCompile>
    <ClCompile Include="Frame.cpp">
      <Filter>01.Engine\System</Filter>
    </ClCompile>
    <ClCompile Include="FrameMgr.cpp">
      <Filter>01.Engine\System</Filter>
    </ClCompile>
    <ClCompile Include="TimeMgr.cpp">
      <Filter>01.Engine\System</Filter>
    </ClCompile>
    <ClCompile Include="Timer.cpp">
      <Filter>01.Engine\System</Filter>
    </ClCompile>
    <ClCompile Include="Input.cpp">
      <Filter>01.Engine\System</Filter>
    </ClCompile>
    <ClCompile Include="ShaderMgr.cpp">
      <Filter>01.Engine\Utility</Filter>
    </ClCompile>
    <ClCompile Include="Shader.cpp">
      <Filter>01.Engine\Utility</Filter>
    </ClCompile>
    <ClCompile Include="Light.cpp">
      <Filter>01.Engine\Utility</Filter>
    </ClCompile>
    <ClCompile Include="Component.cpp">
      <Filter>01.Engine\Utility</Filter>
    </ClCompile>
    <ClCompile Include="Base.cpp">
      <Filter>01.Engine\Utility</Filter>
    </ClCompile>
    <ClCompile Include="Renderer.cpp">
      <Filter>01.Engine\Utility</Filter>
    </ClCompile>
    <ClCompile Include="Collision.cpp">
      <Filter>01.Engine\Utility</Filter>
    </ClCompile>
    <ClCompile Include="Scene.cpp">
      <Filter>01.Engine\Utility</Filter>
    </ClCompile>
    <ClCompile Include="GameObject.cpp">
      <Filter>01.Engine\Utility</Filter>
    </ClCompile>
    <ClCompile Include="Layer.cpp">
      <Filter>01.Engine\Utility</Filter>
    </ClCompile>
    <ClCompile Include="Management.cpp">
      <Filter>01.Engine\Utility</Filter>
    </ClCompile>
    <ClCompile Include="LightMgr.cpp">
      <Filter>01.Engine\Utility</Filter>
    </ClCompile>
    <ClCompile Include="Camera.cpp">
      <Filter>01.Engine\Utility</Filter>
    </ClCompile>
    <ClCompile Include="Transform.cpp">
      <Filter>01.Engine\Utility</Filter>
    </ClCompile>
    <ClCompile Include="Material.cpp">
      <Filter>01.Engine\Utility</Filter>
    </ClCompile>
    <ClCompile Include="Mesh.cpp">
      <Filter>01.Engine\Resource</Filter>
    </ClCompile>
    <ClCompile Include="Resources.cpp">
      <Filter>01.Engine\Resource</Filter>
    </ClCompile>
    <ClCompile Include="StaticMesh.cpp">
      <Filter>01.Engine\Resource</Filter>
    </ClCompile>
    <ClCompile Include="TerrainTex.cpp">
      <Filter>01.Engine\Resource</Filter>
    </ClCompile>
    <ClCompile Include="RcTex.cpp">
      <Filter>01.Engine\Resource</Filter>
    </ClCompile>
    <ClCompile Include="VIBuffer.cpp">
      <Filter>01.Engine\Resource</Filter>
    </ClCompile>
    <ClCompile Include="Texture.cpp">
      <Filter>01.Engine\Resource</Filter>
    </ClCompile>
    <ClCompile Include="CubeTex.cpp">
      <Filter>01.Engine\Resource</Filter>
    </ClCompile>
    <ClCompile Include="Loader.cpp">
      <Filter>01.Engine\Resource</Filter>
    </ClCompile>
    <ClCompile Include="DynamicMesh.cpp">
      <Filter>01.Engine\Resource</Filter>
    </ClCompile>
    <ClCompile Include="AnimationCtrl.cpp">
      <Filter>01.Engine\Resource</Filter>
    </ClCompile>
    <ClCompile Include="ResourceMgr.cpp">
      <Filter>01.Engine\Resource</Filter>
    </ClCompile>
    <ClCompile Include="MouseCol.cpp">
      <Filter>00.Client</Filter>
    </ClCompile>
    <ClCompile Include="StaticCamera.cpp">
      <Filter>00.Client</Filter>
    </ClCompile>
    <ClCompile Include="ClientNetEngine.cpp">
      <Filter>02.Server\Manager</Filter>
    </ClCompile>
    <ClCompile Include="ObjectManager.cpp">
      <Filter>02.Server\Manager</Filter>
    </ClCompile>
    <ClCompile Include="PacketManager.cpp">
      <Filter>02.Server\Manager</Filter>
    </ClCompile>
    <ClCompile Include="PlayerManager.cpp">
      <Filter>02.Server\Manager</Filter>
    </ClCompile>
    <ClCompile Include="RingBuffer.cpp">
      <Filter>02.Server\Utility</Filter>
    </ClCompile>
    <ClCompile Include="SendMemoryPool.cpp">
      <Filter>02.Server\Utility</Filter>
    </ClCompile>
  </ItemGroup>
  <ItemGroup>
    <Image Include="small.ico">
      <Filter>99.Default</Filter>
    </Image>
    <Image Include="Guardians_Client.ico">
      <Filter>99.Default</Filter>
    </Image>
  </ItemGroup>
  <ItemGroup>
    <ResourceCompile Include="Guardians_Client.rc">
      <Filter>99.Default</Filter>
    </ResourceCompile>
  </ItemGroup>
  <ItemGroup>
    <None Include="Export_Utility.inl">
      <Filter>01.Engine\Export</Filter>
    </None>
    <None Include="Export_System.inl">
      <Filter>01.Engine\Export</Filter>
    </None>
    <None Include="Export_Resources.inl">
      <Filter>01.Engine\Export</Filter>
    </None>
  </ItemGroup>
</Project>